      },
      "funding": {
        "type": "opencollective",
        "url": "https://opencollective.com/unified"
      }
    },
    "node_modules/mdast-util-gfm-table/node_modules/@types/mdast": {
      "version": "4.0.4",
      "resolved": "https://registry.npmjs.org/@types/mdast/-/mdast-4.0.4.tgz",
      "integrity": "sha512-kGaNbPh1k7AFzgpud/gMdvIm5xuECykRR+JnWKQno9TAXVa6WIVCGTPvYGekIDL4uwCZQSYbUxNBSb1aUo79oA==",
      "dependencies": {
        "@types/unist": "*"
      }
    },
    "node_modules/mdast-util-gfm-table/node_modules/@types/unist": {
      "version": "3.0.3",
      "resolved": "https://registry.npmjs.org/@types/unist/-/unist-3.0.3.tgz",
      "integrity": "sha512-ko/gIFJRv177XgZsZcBwnqJN5x/Gien8qNOn0D5bQU/zAzVf9Zt3BlcUiLqhV9y4ARk0GbT3tnUiPNgnTXzc/Q=="
    },
    "node_modules/mdast-util-gfm-table/node_modules/mdast-util-from-markdown": {
      "version": "2.0.3",
      "resolved": "https://registry.npmjs.org/mdast-util-from-markdown/-/mdast-util-from-markdown-2.0.3.tgz",
      "integrity": "sha512-W4mAWTvSlKvf8L6J+VN9yLSqQ9AOAAvHuoDAmPkz4dHf553m5gVj2ejadHJhoJmcmxEnOv6Pa8XJhpxE93kb8Q==",
      "dependencies": {
        "@types/mdast": "^4.0.0",
        "@types/unist": "^3.0.0",
        "decode-named-character-reference": "^1.0.0",
        "devlop": "^1.0.0",
        "mdast-util-to-string": "^4.0.0",
        "micromark": "^4.0.0",
        "micromark-util-decode-numeric-character-reference": "^2.0.0",
        "micromark-util-decode-string": "^2.0.0",
        "micromark-util-normalize-identifier": "^2.0.0",
        "micromark-util-symbol": "^2.0.0",
        "micromark-util-types": "^2.0.0",
        "unist-util-stringify-position": "^4.0.0"
      },
      "funding": {
        "type": "opencollective",
        "url": "https://opencollective.com/unified"
      }
    },
    "node_modules/mdast-util-gfm-table/node_modules/mdast-util-to-string": {
      "version": "4.0.0",
      "resolved": "https://registry.npmjs.org/mdast-util-to-string/-/mdast-util-to-string-4.0.0.tgz",

      "integrity": "sha512-0H44vDimn51F0YwvxSJSm0eCDOJTRlmN0R1yBh4HLj9wiV1Dn0QoXGbvFAWj2hSItVTlCmBF1hqKlIyUBVFLPg==",
      "dependencies": {
        "@types/mdast": "^4.0.0"
      },
      "funding": {
        "type": "opencollective",
        "url": "https://opencollective.com/unified"
      }
    },
    "node_modules/mdast-util-gfm-table/node_modules/micromark": {
      "version": "4.0.2",
      "resolved": "https://registry.npmjs.org/micromark/-/micromark-4.0.2.tgz",
      "integrity": "sha512-zpe98Q6kvavpCr1NPVSCMebCKfD7CA2NqZ+rykeNhONIJBpc1tFKt9hucLGwha3jNTNI8lHpctWJWoimVF4PfA==",
      "funding": [
        {
          "type": "GitHub Sponsors",
          "url": "https://github.com/sponsors/unifiedjs"
        },
        {
          "type": "OpenCollective",
          "url": "https://opencollective.com/unified"
        }
      ],
      "dependencies": {
        "@types/debug": "^4.0.0",
        "debug": "^4.0.0",
        "decode-named-character-reference": "^1.0.0",
        "devlop": "^1.0.0",
        "micromark-core-commonmark": "^2.0.0",
        "micromark-factory-space": "^2.0.0",
        "micromark-util-character": "^2.0.0",
        "micromark-util-chunked": "^2.0.0",
        "micromark-util-combine-extensions": "^2.0.0",
        "micromark-util-decode-numeric-character-reference": "^2.0.0",
        "micromark-util-encode": "^2.0.0",
        "micromark-util-normalize-identifier": "^2.0.0",
        "micromark-util-resolve-all": "^2.0.0",
        "micromark-util-sanitize-uri": "^2.0.0",
        "micromark-util-subtokenize": "^2.0.0",
        "micromark-util-symbol": "^2.0.0",
        "micromark-util-types": "^2.0.0"
      }
    },
    "node_modules/mdast-util-gfm-table/node_modules/micromark-core-commonmark": {
      "version": "2.0.3",
      "resolved": "https://registry.npmjs.org/micromark-core-commonmark/-/micromark-core-commonmark-2.0.3.tgz",
      "integrity": "sha512-RDBrHEMSxVFLg6xvnXmb1Ayr2WzLAWjeSATAoxwKYJV94TeNavgoIdA0a9ytzDSVzBy2YKFK+emCPOEibLeCrg==",
